{
  "name": "global-session",
  "version": "1.0.0",
  "lockfileVersion": 2,
  "requires": true,
  "packages": {
    "": {
      "name": "global-session",
      "version": "1.0.0",
      "license": "ISC",
      "dependencies": {
        "node-persist": "^3.1.2"
      }
    },
    "node_modules/node-persist": {
      "version": "3.1.2",
      "resolved": "https://registry.npmjs.org/node-persist/-/node-persist-3.1.2.tgz",
      "integrity": "sha512-gHITzrv/Yra0JnzJKMOGtIfF9+17spyoiFcyKlnUc9fOJy7Ry7XsroxCN99zjfpDcvwA4ZODrxL1AZMzRS7orA==",
      "engines": {
        "node": ">=10.12.0"
      }
    }
  },
  "dependencies": {
    "node-persist": {
      "version": "3.1.2",
      "resolved": "https://registry.npmjs.org/node-persist/-/node-persist-3.1.2.tgz",
      "integrity": "sha512-gHITzrv/Yra0JnzJKMOGtIfF9+17spyoiFcyKlnUc9fOJy7Ry7XsroxCN99zjfpDcvwA4ZODrxL1AZMzRS7orA=="
    }
  }
}
